
Microsoft Visual Studio Solution File, Format Version 12.00
# Visual Studio Version 16
VisualStudioVersion = 16.0.31911.196
MinimumVisualStudioVersion = 10.0.40219.1
Project("{FAE04EC0-301F-11D3-BF4B-00C04F79EFBC}") = "ThiCSLT2", "ThiCSLT2\ThiCSLT2.csproj", "{FEF3C4F7-17BE-43A9-BB1C-176E0B263044}"
EndProject
Global
	GlobalSection(SolutionConfigurationPlatforms) = preSolution
		Debug|Any CPU = Debug|Any CPU
		Release|Any CPU = Release|Any CPU
	EndGlobalSection
	GlobalSection(ProjectConfigurationPlatforms) = postSolution
		{FEF3C4F7-17BE-43A9-BB1C-176E0B263044}.Debug|Any CPU.ActiveCfg = Debug|Any CPU
		{FEF3C4F7-17BE-43A9-BB1C-176E0B263044}.Debug|Any CPU.Build.0 = Debug|Any CPU
		{FEF3C4F7-17BE-43A9-BB1C-176E0B263044}.Release|Any CPU.ActiveCfg = Release|Any CPU
		{FEF3C4F7-17BE-43A9-BB1C-176E0B263044}.Release|Any CPU.Build.0 = Release|Any CPU
	EndGlobalSection
	GlobalSection(SolutionProperties) = preSolution
		HideSolutionNode = FALSE
	EndGlobalSection
	GlobalSection(ExtensibilityGlobals) = postSolution
		SolutionGuid = {01F3071C-7D03-4530-89CC-10A7292E51CB}
	EndGlobalSection
EndGlobal
